
Microsoft Visual Studio Solution File, Format Version 12.00
# Visual Studio Version 17
VisualStudioVersion = 17.2.32519.379
MinimumVisualStudioVersion = 10.0.40219.1
Project("{FAE04EC0-301F-11D3-BF4B-00C04F79EFBC}") = "DXWebApplication1", "DXWebApplication1\DXWebApplication1.csproj", "{4668E7B8-2EAD-41B6-BF80-016288804AD1}"
EndProject
Global
	GlobalSection(SolutionConfigurationPlatforms) = preSolution
		Debug|Any CPU = Debug|Any CPU
		Release|Any CPU = Release|Any CPU
	EndGlobalSection
	GlobalSection(ProjectConfigurationPlatforms) = postSolution
		{4668E7B8-2EAD-41B6-BF80-016288804AD1}.Debug|Any CPU.ActiveCfg = Debug|Any CPU
		{4668E7B8-2EAD-41B6-BF80-016288804AD1}.Debug|Any CPU.Build.0 = Debug|Any CPU
		{4668E7B8-2EAD-41B6-BF80-016288804AD1}.Release|Any CPU.ActiveCfg = Release|Any CPU
		{4668E7B8-2EAD-41B6-BF80-016288804AD1}.Release|Any CPU.Build.0 = Release|Any CPU
	EndGlobalSection
	GlobalSection(SolutionProperties) = preSolution
		HideSolutionNode = FALSE
	EndGlobalSection
	GlobalSection(ExtensibilityGlobals) = postSolution
		SolutionGuid = {EA809734-5B2A-433C-826D-FFF82A4B37A5}
	EndGlobalSection
EndGlobal
